{
    "_readme": [
        "This file locks the dependencies of your project to a known state",
        "Read more about it at https://getcomposer.org/doc/01-basic-usage.md#installing-dependencies",
        "This file is @generated automatically"
    ],
    "content-hash": "5b89f25d9f2339ab916c5dff388ce784",
    "packages": [
        {
            "name": "hellocheney/mylibrary",
            "version": "dev-master",
            "source": {
                "type": "git",
                "url": "https://github.com/hellocheney/mylibrary.git",
                "reference": "8387ba19462a07373c201dc9f40c77b4848fe8a2"
            },
            "dist": {
                "type": "zip",
                "url": "https://api.github.com/repos/hellocheney/mylibrary/zipball/8387ba19462a07373c201dc9f40c77b4848fe8a2",
                "reference": "8387ba19462a07373c201dc9f40c77b4848fe8a2",
                "shasum": ""
            },
            "require": {
                "php": ">=7.0"
            },
            "type": "library",
            "autoload": {
                "psr-4": {
                    "Silverfox\\": "src/Silverfox"
                }
            },
            "notification-url": "https://packagist.org/downloads/",
            "license": [
                "mit"
            ],
            "authors": [
                {
                    "name": "cheney",
                    "email": "upan2009@gmail.com"
                }
            ],
            "description": "my test library",
            "time": "2020-08-19T02:42:55+00:00"
        },
        {
            "name": "wubuwei/php-apple-signin",
            "version": "2.0.1",
            "source": {
                "type": "git",
                "url": "https://github.com/wubuwei/php-apple-signin.git",
                "reference": "5d0e75b30f78179ed63fda3f527195ac8b404458"
            },
            "dist": {
                "type": "zip",
                "url": "https://api.github.com/repos/wubuwei/php-apple-signin/zipball/5d0e75b30f78179ed63fda3f527195ac8b404458",
                "reference": "5d0e75b30f78179ed63fda3f527195ac8b404458",
                "shasum": ""
            },
            "type": "library",
            "autoload": {
                "psr-4": {
                    "AppleSignIn\\": ""
                }
            },
            "notification-url": "https://packagist.org/downloads/",
            "license": [
                "MIT"
            ],
            "authors": [
                {
                    "name": "wubuwei",
                    "email": "wubuwei.dev@gmail.com",
                    "role": "Developer"
                }
            ],
            "description": "A simple library to decode and parse Apple Sign In client tokens.",
            "keywords": [
                "JWK",
                "apple",
                "in",
                "ios",
                "jwt",
                "php",
                "sign"
            ],
            "time": "2020-04-24T10:09:03+00:00"
        }
    ],
    "packages-dev": [],
    "aliases": [],
    "minimum-stability": "dev",
    "stability-flags": {
        "hellocheney/mylibrary": 20
    },
    "prefer-stable": false,
    "prefer-lowest": false,
    "platform": [],
    "platform-dev": [],
    "plugin-api-version": "1.1.0"
}
